github.com/cbuschka/gohello v0.0.0-20190509112843-28aaad379125 h1:Vuxl5lBTV7ZaIyHLMDRnYJIbv0hmKzfFfxU8NrKGiEw=
github.com/cbuschka/gohello v0.0.0-20190509112843-28aaad379125/go.mod h1:RGh1NlPoamZcY6sPBPGWqlaIrKaF/j2jtX4gWOUmcb4=
github.com/cbuschka/gohello v0.0.0-20190509112843-b5b07b0688f469a05598d737e18500c6aa5c976f h1:eje9AoDshYR61OLJxX5bL3biNk27f4DVkwgkstLpCG8=
github.com/cbuschka/gohello v0.0.0-20190509112843-b5b07b0688f469a05598d737e18500c6aa5c976f/go.mod h1:RGh1NlPoamZcY6sPBPGWqlaIrKaF/j2jtX4gWOUmcb4=
github.com/cbuschka/gohello v0.0.0-20190509113519-b5b07b0688f4 h1:fLc46L2cJXCe5XeXoK7RHBdTwnKWt0uaeloKsz8fIro=
github.com/cbuschka/gohello v0.0.0-20190509114220-4a537383493fb7657fbe94476cd1c31b278ef1fa h1:pHaMlvkdcwoDRXsOTb1wRv6Z20WCvlfLogJ/qpu3pZ8=
github.com/cbuschka/gohello v0.0.0-20190509114220-4a537383493fb7657fbe94476cd1c31b278ef1fa/go.mod h1:RGh1NlPoamZcY6sPBPGWqlaIrKaF/j2jtX4gWOUmcb4=
github.com/cbuschka/gohello v0.0.0-20190509114220-5617e40f9a57 h1:xmjwRUQTBiyoAC9w+wTR4b+C6m6WiyUDa9RvIE3ZEcA=
github.com/cbuschka/gohello v0.0.0-20190509114220-5617e40f9a57/go.mod h1:RGh1NlPoamZcY6sPBPGWqlaIrKaF/j2jtX4gWOUmcb4=
github.com/cbuschka/gohello v0.0.0-20190509114220-7a9089b4335aeb843b8355d8bf1e74a2e417e0a7 h1:1qa4j8ccUsZ7OLdaxMNmhbnIoyUbRzBlCG3gyE8YKrM=
github.com/cbuschka/gohello v0.0.0-20190509114220-7a9089b4335aeb843b8355d8bf1e74a2e417e0a7/go.mod h1:RGh1NlPoamZcY6sPBPGWqlaIrKaF/j2jtX4gWOUmcb4=
github.com/cbuschka/gohello v0.0.0-20190509114220-cc5b3c934ab837f9395f02cfe374f655c2678268 h1:x8X6S/Mf4B4rgaAp5O5ypHN4MygvputYiZpqdf4cQQw=
github.com/cbuschka/gohello v0.0.0-20190509114220-cc5b3c934ab837f9395f02cfe374f655c2678268/go.mod h1:RGh1NlPoamZcY6sPBPGWqlaIrKaF/j2jtX4gWOUmcb4=
github.com/cbuschka/gohello v0.0.0-20190509115731-4a537383493f h1:dOVCHPV5ISkyg3AUMPa+xeBbk6KVfMeETWJkyYfVJqg=
github.com/cbuschka/gohello v0.0.0-20190509120038-7a9089b4335a h1:OS/cYWfBLKfaTvzAGhA9pSUNPAgn4LvwLRe2P/+/Cmg=
